
Microsoft Visual Studio Solution File, Format Version 12.00
# Visual Studio Version 16
VisualStudioVersion = 16.0.32510.428
MinimumVisualStudioVersion = 10.0.40219.1
Project("{9A19103F-16F7-4668-BE54-9A1E7A4F7556}") = "Sword1", "Sword1.csproj", "{9B22F4C9-B664-4325-A567-50332B377A4D}"
EndProject
Global
	GlobalSection(SolutionConfigurationPlatforms) = preSolution
		Debug|Any CPU = Debug|Any CPU
		Release|Any CPU = Release|Any CPU
	EndGlobalSection
	GlobalSection(ProjectConfigurationPlatforms) = postSolution
		{9B22F4C9-B664-4325-A567-50332B377A4D}.Debug|Any CPU.ActiveCfg = Debug|Any CPU
		{9B22F4C9-B664-4325-A567-50332B377A4D}.Debug|Any CPU.Build.0 = Debug|Any CPU
		{9B22F4C9-B664-4325-A567-50332B377A4D}.Release|Any CPU.ActiveCfg = Release|Any CPU
		{9B22F4C9-B664-4325-A567-50332B377A4D}.Release|Any CPU.Build.0 = Release|Any CPU
	EndGlobalSection
	GlobalSection(SolutionProperties) = preSolution
		HideSolutionNode = FALSE
	EndGlobalSection
	GlobalSection(ExtensibilityGlobals) = postSolution
		SolutionGuid = {CCF28696-F873-43C8-8A72-D82D3E266758}
	EndGlobalSection
EndGlobal
